Microsoft Visual Studio Solution File, Format Version 12.00
# Visual Studio Version 17
VisualStudioVersion = 17.5.2.0
MinimumVisualStudioVersion = 10.0.40219.1
Project("{FAE04EC0-301F-11D3-BF4B-00C04F79EFBC}") = "app", "app\service_config_generator.csproj", "{43FE37AF-37F6-32CE-D3BE-E1278B1B8FA3}"
EndProject
Project("{FAE04EC0-301F-11D3-BF4B-00C04F79EFBC}") = "tests", "tests\tests.csproj", "{8C3DBF63-9302-4D29-A2EE-F3017C7850D3}"
EndProject
Global
	GlobalSection(SolutionConfigurationPlatforms) = preSolution
		Debug|Any CPU = Debug|Any CPU
		Release|Any CPU = Release|Any CPU
	EndGlobalSection
	GlobalSection(ProjectConfigurationPlatforms) = postSolution
		{43FE37AF-37F6-32CE-D3BE-E1278B1B8FA3}.Debug|Any CPU.ActiveCfg = Debug|Any CPU
		{43FE37AF-37F6-32CE-D3BE-E1278B1B8FA3}.Debug|Any CPU.Build.0 = Debug|Any CPU
		{43FE37AF-37F6-32CE-D3BE-E1278B1B8FA3}.Release|Any CPU.ActiveCfg = Release|Any CPU
		{43FE37AF-37F6-32CE-D3BE-E1278B1B8FA3}.Release|Any CPU.Build.0 = Release|Any CPU
		{D6CFB88A-21C8-44EF-9F1D-3DF2B06C652C}.Debug|Any CPU.ActiveCfg = Debug|Any CPU
		{D6CFB88A-21C8-44EF-9F1D-3DF2B06C652C}.Debug|Any CPU.Build.0 = Debug|Any CPU
		{D6CFB88A-21C8-44EF-9F1D-3DF2B06C652C}.Release|Any CPU.ActiveCfg = Release|Any CPU
		{D6CFB88A-21C8-44EF-9F1D-3DF2B06C652C}.Release|Any CPU.Build.0 = Release|Any CPU
		{4BF2C221-4D33-41AD-B9C6-6EA722982299}.Debug|Any CPU.ActiveCfg = Debug|Any CPU
		{4BF2C221-4D33-41AD-B9C6-6EA722982299}.Debug|Any CPU.Build.0 = Debug|Any CPU
		{4BF2C221-4D33-41AD-B9C6-6EA722982299}.Release|Any CPU.ActiveCfg = Release|Any CPU
		{4BF2C221-4D33-41AD-B9C6-6EA722982299}.Release|Any CPU.Build.0 = Release|Any CPU
		{8C3DBF63-9302-4D29-A2EE-F3017C7850D3}.Debug|Any CPU.ActiveCfg = Debug|Any CPU
		{8C3DBF63-9302-4D29-A2EE-F3017C7850D3}.Debug|Any CPU.Build.0 = Debug|Any CPU
		{8C3DBF63-9302-4D29-A2EE-F3017C7850D3}.Release|Any CPU.ActiveCfg = Release|Any CPU
		{8C3DBF63-9302-4D29-A2EE-F3017C7850D3}.Release|Any CPU.Build.0 = Release|Any CPU
	EndGlobalSection
	GlobalSection(SolutionProperties) = preSolution
		HideSolutionNode = FALSE
	EndGlobalSection
	GlobalSection(ExtensibilityGlobals) = postSolution
		SolutionGuid = {56782050-7050-48D9-85F3-CE5B6EC1EE15}
	EndGlobalSection
EndGlobal
